
Microsoft Visual Studio Solution File, Format Version 12.00
# Visual Studio Version 17
VisualStudioVersion = 17.14.37614.0 d17.14
MinimumVisualStudioVersion = 10.0.40219.1
Project("{FAE04EC0-301F-11D3-BF4B-00C04F79EFBC}") = "ShoppingDAL", "Shopping.DAL\ShoppingDAL.csproj", "{B7CAD304-FCE8-49A7-8830-6E9E6E84DFCE}"
EndProject
Global
	GlobalSection(SolutionConfigurationPlatforms) = preSolution
		Debug|Any CPU = Debug|Any CPU
		Release|Any CPU = Release|Any CPU
	EndGlobalSection
	GlobalSection(ProjectConfigurationPlatforms) = postSolution
		{B7CAD304-FCE8-49A7-8830-6E9E6E84DFCE}.Debug|Any CPU.ActiveCfg = Debug|Any CPU
		{B7CAD304-FCE8-49A7-8830-6E9E6E84DFCE}.Debug|Any CPU.Build.0 = Debug|Any CPU
		{B7CAD304-FCE8-49A7-8830-6E9E6E84DFCE}.Release|Any CPU.ActiveCfg = Release|Any CPU
		{B7CAD304-FCE8-49A7-8830-6E9E6E84DFCE}.Release|Any CPU.Build.0 = Release|Any CPU
	EndGlobalSection
	GlobalSection(SolutionProperties) = preSolution
		HideSolutionNode = FALSE
	EndGlobalSection
	GlobalSection(ExtensibilityGlobals) = postSolution
		SolutionGuid = {1F66DEEF-5050-4BDC-9BF5-3BE2A6B97391}
	EndGlobalSection
EndGlobal
